
Microsoft Visual Studio Solution File, Format Version 12.00
# Visual Studio Version 16
VisualStudioVersion = 16.0.28803.202
MinimumVisualStudioVersion = 10.0.40219.1
Project("{9A19103F-16F7-4668-BE54-9A1E7A4F7556}") = "Fox.WebService", "src\Fox.WebService\Fox.WebService.csproj", "{03DE9FF1-C2A2-4AFD-ADEC-6544AFD97ED0}"
EndProject
Project("{9A19103F-16F7-4668-BE54-9A1E7A4F7556}") = "Fox.DataAccess", "src\Fox.DataAccess\Fox.DataAccess.csproj", "{90F7FB91-5BB3-4763-940E-D2C76C68621C}"
EndProject
Global
	GlobalSection(SolutionConfigurationPlatforms) = preSolution
		Debug|Any CPU = Debug|Any CPU
		Release|Any CPU = Release|Any CPU
	EndGlobalSection
	GlobalSection(ProjectConfigurationPlatforms) = postSolution
		{03DE9FF1-C2A2-4AFD-ADEC-6544AFD97ED0}.Debug|Any CPU.ActiveCfg = Debug|Any CPU
		{03DE9FF1-C2A2-4AFD-ADEC-6544AFD97ED0}.Debug|Any CPU.Build.0 = Debug|Any CPU
		{03DE9FF1-C2A2-4AFD-ADEC-6544AFD97ED0}.Release|Any CPU.ActiveCfg = Release|Any CPU
		{03DE9FF1-C2A2-4AFD-ADEC-6544AFD97ED0}.Release|Any CPU.Build.0 = Release|Any CPU
		{90F7FB91-5BB3-4763-940E-D2C76C68621C}.Debug|Any CPU.ActiveCfg = Debug|Any CPU
		{90F7FB91-5BB3-4763-940E-D2C76C68621C}.Debug|Any CPU.Build.0 = Debug|Any CPU
		{90F7FB91-5BB3-4763-940E-D2C76C68621C}.Release|Any CPU.ActiveCfg = Release|Any CPU
		{90F7FB91-5BB3-4763-940E-D2C76C68621C}.Release|Any CPU.Build.0 = Release|Any CPU
	EndGlobalSection
	GlobalSection(SolutionProperties) = preSolution
		HideSolutionNode = FALSE
	EndGlobalSection
	GlobalSection(ExtensibilityGlobals) = postSolution
		SolutionGuid = {9CE8E3DA-00B3-44E9-BD7C-C6547E5D867C}
	EndGlobalSection
EndGlobal
